
Microsoft Visual Studio Solution File, Format Version 12.00
# Visual Studio 15
VisualStudioVersion = 15.0.26730.16
MinimumVisualStudioVersion = 10.0.40219.1
Project("{9A19103F-16F7-4668-BE54-9A1E7A4F7556}") = "SeniorProjectECS", "SeniorProjectECS\SeniorProjectECS.csproj", "{9B07A255-3E8F-42E2-84E2-871A24457B5F}"
EndProject
Global
	GlobalSection(SolutionConfigurationPlatforms) = preSolution
		Debug|Any CPU = Debug|Any CPU
		Release|Any CPU = Release|Any CPU
	EndGlobalSection
	GlobalSection(ProjectConfigurationPlatforms) = postSolution
		{9B07A255-3E8F-42E2-84E2-871A24457B5F}.Debug|Any CPU.ActiveCfg = Debug|Any CPU
		{9B07A255-3E8F-42E2-84E2-871A24457B5F}.Debug|Any CPU.Build.0 = Debug|Any CPU
		{9B07A255-3E8F-42E2-84E2-871A24457B5F}.Release|Any CPU.ActiveCfg = Release|Any CPU
		{9B07A255-3E8F-42E2-84E2-871A24457B5F}.Release|Any CPU.Build.0 = Release|Any CPU
	EndGlobalSection
	GlobalSection(SolutionProperties) = preSolution
		HideSolutionNode = FALSE
	EndGlobalSection
	GlobalSection(ExtensibilityGlobals) = postSolution
		SolutionGuid = {D1961304-BECE-4A48-822E-80079BD2E490}
	EndGlobalSection
EndGlobal
